
Microsoft Visual Studio Solution File, Format Version 12.00
# Visual Studio Version 17
VisualStudioVersion = 17.11.35208.52
MinimumVisualStudioVersion = 10.0.40219.1
Project("{9A19103F-16F7-4668-BE54-9A1E7A4F7556}") = "TradingEngineServer", "TradingEngineServer.csproj", "{F35AF197-F0C1-4842-B0B9-5599262D3D0E}"
EndProject
Project("{9A19103F-16F7-4668-BE54-9A1E7A4F7556}") = "Logging", "..\LoggingCS\Logging.csproj", "{1AD54263-61B3-428F-AF0C-4176F5FBA742}"
EndProject
Project("{9A19103F-16F7-4668-BE54-9A1E7A4F7556}") = "Instrument", "..\InstrumentCS\Instrument.csproj", "{50D5DE36-8306-42B1-8A25-EA4E346F0CDB}"
EndProject
Project("{9A19103F-16F7-4668-BE54-9A1E7A4F7556}") = "Orders", "..\Orders\Orders.csproj", "{3471A5CE-08D2-415C-8B46-E6F37C9567EE}"
EndProject
Project("{9A19103F-16F7-4668-BE54-9A1E7A4F7556}") = "OrderBook", "..\OrderBook\OrderBook.csproj", "{0FF817AE-CC61-4A1B-9A60-9BE7A7F83116}"
	ProjectSection(ProjectDependencies) = postProject
		{4866377A-7F26-403E-9CA9-2001296289D2} = {4866377A-7F26-403E-9CA9-2001296289D2}
	EndProjectSection
EndProject
Project("{9A19103F-16F7-4668-BE54-9A1E7A4F7556}") = "TestOrderEntryOrderbook", "..\TestOrderEntryOrderbook\TestOrderEntryOrderbook.csproj", "{A6528004-31DC-4180-A027-7EE88CB6C831}"
	ProjectSection(ProjectDependencies) = postProject
		{0FF817AE-CC61-4A1B-9A60-9BE7A7F83116} = {0FF817AE-CC61-4A1B-9A60-9BE7A7F83116}
		{1AD54263-61B3-428F-AF0C-4176F5FBA742} = {1AD54263-61B3-428F-AF0C-4176F5FBA742}
		{3471A5CE-08D2-415C-8B46-E6F37C9567EE} = {3471A5CE-08D2-415C-8B46-E6F37C9567EE}
		{50D5DE36-8306-42B1-8A25-EA4E346F0CDB} = {50D5DE36-8306-42B1-8A25-EA4E346F0CDB}
		{F35AF197-F0C1-4842-B0B9-5599262D3D0E} = {F35AF197-F0C1-4842-B0B9-5599262D3D0E}
	EndProjectSection
EndProject
Project("{FAE04EC0-301F-11D3-BF4B-00C04F79EFBC}") = "Matching", "..\Matching\Matching.csproj", "{4866377A-7F26-403E-9CA9-2001296289D2}"
EndProject
Global
	GlobalSection(SolutionConfigurationPlatforms) = preSolution
		Debug|Any CPU = Debug|Any CPU
		Release|Any CPU = Release|Any CPU
	EndGlobalSection
	GlobalSection(ProjectConfigurationPlatforms) = postSolution
		{F35AF197-F0C1-4842-B0B9-5599262D3D0E}.Debug|Any CPU.ActiveCfg = Debug|Any CPU
		{F35AF197-F0C1-4842-B0B9-5599262D3D0E}.Debug|Any CPU.Build.0 = Debug|Any CPU
		{F35AF197-F0C1-4842-B0B9-5599262D3D0E}.Release|Any CPU.ActiveCfg = Release|Any CPU
		{F35AF197-F0C1-4842-B0B9-5599262D3D0E}.Release|Any CPU.Build.0 = Release|Any CPU
		{1AD54263-61B3-428F-AF0C-4176F5FBA742}.Debug|Any CPU.ActiveCfg = Debug|Any CPU
		{1AD54263-61B3-428F-AF0C-4176F5FBA742}.Debug|Any CPU.Build.0 = Debug|Any CPU
		{1AD54263-61B3-428F-AF0C-4176F5FBA742}.Release|Any CPU.ActiveCfg = Release|Any CPU
		{1AD54263-61B3-428F-AF0C-4176F5FBA742}.Release|Any CPU.Build.0 = Release|Any CPU
		{50D5DE36-8306-42B1-8A25-EA4E346F0CDB}.Debug|Any CPU.ActiveCfg = Debug|Any CPU
		{50D5DE36-8306-42B1-8A25-EA4E346F0CDB}.Debug|Any CPU.Build.0 = Debug|Any CPU
		{50D5DE36-8306-42B1-8A25-EA4E346F0CDB}.Release|Any CPU.ActiveCfg = Release|Any CPU
		{50D5DE36-8306-42B1-8A25-EA4E346F0CDB}.Release|Any CPU.Build.0 = Release|Any CPU
		{3471A5CE-08D2-415C-8B46-E6F37C9567EE}.Debug|Any CPU.ActiveCfg = Debug|Any CPU
		{3471A5CE-08D2-415C-8B46-E6F37C9567EE}.Debug|Any CPU.Build.0 = Debug|Any CPU
		{3471A5CE-08D2-415C-8B46-E6F37C9567EE}.Release|Any CPU.ActiveCfg = Release|Any CPU
		{3471A5CE-08D2-415C-8B46-E6F37C9567EE}.Release|Any CPU.Build.0 = Release|Any CPU
		{0FF817AE-CC61-4A1B-9A60-9BE7A7F83116}.Debug|Any CPU.ActiveCfg = Debug|Any CPU
		{0FF817AE-CC61-4A1B-9A60-9BE7A7F83116}.Debug|Any CPU.Build.0 = Debug|Any CPU
		{0FF817AE-CC61-4A1B-9A60-9BE7A7F83116}.Release|Any CPU.ActiveCfg = Release|Any CPU
		{0FF817AE-CC61-4A1B-9A60-9BE7A7F83116}.Release|Any CPU.Build.0 = Release|Any CPU
		{A6528004-31DC-4180-A027-7EE88CB6C831}.Debug|Any CPU.ActiveCfg = Debug|Any CPU
		{A6528004-31DC-4180-A027-7EE88CB6C831}.Debug|Any CPU.Build.0 = Debug|Any CPU
		{A6528004-31DC-4180-A027-7EE88CB6C831}.Release|Any CPU.ActiveCfg = Release|Any CPU
		{A6528004-31DC-4180-A027-7EE88CB6C831}.Release|Any CPU.Build.0 = Release|Any CPU
		{4866377A-7F26-403E-9CA9-2001296289D2}.Debug|Any CPU.ActiveCfg = Debug|Any CPU
		{4866377A-7F26-403E-9CA9-2001296289D2}.Debug|Any CPU.Build.0 = Debug|Any CPU
		{4866377A-7F26-403E-9CA9-2001296289D2}.Release|Any CPU.ActiveCfg = Release|Any CPU
		{4866377A-7F26-403E-9CA9-2001296289D2}.Release|Any CPU.Build.0 = Release|Any CPU
	EndGlobalSection
	GlobalSection(SolutionProperties) = preSolution
		HideSolutionNode = FALSE
	EndGlobalSection
	GlobalSection(ExtensibilityGlobals) = postSolution
		SolutionGuid = {26DB37D0-1185-449C-9341-3D40C9DAA1ED}
	EndGlobalSection
EndGlobal
